
Microsoft Visual Studio Solution File, Format Version 12.00
# Visual Studio 15
VisualStudioVersion = 15.0.28010.2026
MinimumVisualStudioVersion = 10.0.40219.1
Project("{FAE04EC0-301F-11D3-BF4B-00C04F79EFBC}") = "SantaList", "SantaList\SantaList.csproj", "{367E35C3-463D-4CF2-81A6-59F317AC336F}"
EndProject
Global
	GlobalSection(SolutionConfigurationPlatforms) = preSolution
		Debug|Any CPU = Debug|Any CPU
		Release|Any CPU = Release|Any CPU
	EndGlobalSection
	GlobalSection(ProjectConfigurationPlatforms) = postSolution
		{367E35C3-463D-4CF2-81A6-59F317AC336F}.Debug|Any CPU.ActiveCfg = Debug|Any CPU
		{367E35C3-463D-4CF2-81A6-59F317AC336F}.Debug|Any CPU.Build.0 = Debug|Any CPU
		{367E35C3-463D-4CF2-81A6-59F317AC336F}.Release|Any CPU.ActiveCfg = Release|Any CPU
		{367E35C3-463D-4CF2-81A6-59F317AC336F}.Release|Any CPU.Build.0 = Release|Any CPU
	EndGlobalSection
	GlobalSection(SolutionProperties) = preSolution
		HideSolutionNode = FALSE
	EndGlobalSection
	GlobalSection(ExtensibilityGlobals) = postSolution
		SolutionGuid = {199FBEBB-C93B-4DBE-8D0C-F9518ABB8A26}
	EndGlobalSection
EndGlobal
